
Microsoft Visual Studio Solution File, Format Version 12.00
# Visual Studio Version 17
VisualStudioVersion = 17.0.32014.148
MinimumVisualStudioVersion = 10.0.40219.1
Project("{FAE04EC0-301F-11D3-BF4B-00C04F79EFBC}") = "RatRace2", "RatRace2\RatRace2.csproj", "{7C364371-D1AB-45F8-B8C0-EA1977031C93}"
EndProject
Global
	GlobalSection(SolutionConfigurationPlatforms) = preSolution
		Debug|Any CPU = Debug|Any CPU
		Release|Any CPU = Release|Any CPU
	EndGlobalSection
	GlobalSection(ProjectConfigurationPlatforms) = postSolution
		{7C364371-D1AB-45F8-B8C0-EA1977031C93}.Debug|Any CPU.ActiveCfg = Debug|Any CPU
		{7C364371-D1AB-45F8-B8C0-EA1977031C93}.Debug|Any CPU.Build.0 = Debug|Any CPU
		{7C364371-D1AB-45F8-B8C0-EA1977031C93}.Release|Any CPU.ActiveCfg = Release|Any CPU
		{7C364371-D1AB-45F8-B8C0-EA1977031C93}.Release|Any CPU.Build.0 = Release|Any CPU
	EndGlobalSection
	GlobalSection(SolutionProperties) = preSolution
		HideSolutionNode = FALSE
	EndGlobalSection
	GlobalSection(ExtensibilityGlobals) = postSolution
		SolutionGuid = {ECC1F0B3-BA24-430A-971B-6651834DB14B}
	EndGlobalSection
EndGlobal
